
Microsoft Visual Studio Solution File, Format Version 12.00
# Visual Studio Version 17
VisualStudioVersion = 17.2.32630.192
MinimumVisualStudioVersion = 10.0.40219.1
Project("{FAE04EC0-301F-11D3-BF4B-00C04F79EFBC}") = "SampleJWTAuth", "SampleJWTAuth\SampleJWTAuth.csproj", "{7313B322-BB64-4681-B5FC-CAE0296984F0}"
EndProject
Global
	GlobalSection(SolutionConfigurationPlatforms) = preSolution
		Debug|Any CPU = Debug|Any CPU
		Release|Any CPU = Release|Any CPU
	EndGlobalSection
	GlobalSection(ProjectConfigurationPlatforms) = postSolution
		{7313B322-BB64-4681-B5FC-CAE0296984F0}.Debug|Any CPU.ActiveCfg = Debug|Any CPU
		{7313B322-BB64-4681-B5FC-CAE0296984F0}.Debug|Any CPU.Build.0 = Debug|Any CPU
		{7313B322-BB64-4681-B5FC-CAE0296984F0}.Release|Any CPU.ActiveCfg = Release|Any CPU
		{7313B322-BB64-4681-B5FC-CAE0296984F0}.Release|Any CPU.Build.0 = Release|Any CPU
	EndGlobalSection
	GlobalSection(SolutionProperties) = preSolution
		HideSolutionNode = FALSE
	EndGlobalSection
	GlobalSection(ExtensibilityGlobals) = postSolution
		SolutionGuid = {0107E6C0-D250-4D36-A915-CC20CFC4892B}
	EndGlobalSection
EndGlobal
